
Microsoft Visual Studio Solution File, Format Version 12.00
# Visual Studio Version 17
VisualStudioVersion = 17.13.35825.156 d17.13
MinimumVisualStudioVersion = 10.0.40219.1
Project("{FAE04EC0-301F-11D3-BF4B-00C04F79EFBC}") = "Calastone-Text-Filter", "Calastone-Text-Filter\Calastone-Text-Filter.csproj", "{A62E485A-91AD-465D-B679-1E5BC543E0CC}"
EndProject
Project("{FAE04EC0-301F-11D3-BF4B-00C04F79EFBC}") = "Calastone-Text-Filter-Tests", "Calastone-Text-Filter-Tests\Calastone-Text-Filter-Tests.csproj", "{2EA4EF9C-CFEA-4BF0-B056-CDAF42C83677}"
EndProject
Global
	GlobalSection(SolutionConfigurationPlatforms) = preSolution
		Debug|Any CPU = Debug|Any CPU
		Release|Any CPU = Release|Any CPU
	EndGlobalSection
	GlobalSection(ProjectConfigurationPlatforms) = postSolution
		{A62E485A-91AD-465D-B679-1E5BC543E0CC}.Debug|Any CPU.ActiveCfg = Debug|Any CPU
		{A62E485A-91AD-465D-B679-1E5BC543E0CC}.Debug|Any CPU.Build.0 = Debug|Any CPU
		{A62E485A-91AD-465D-B679-1E5BC543E0CC}.Release|Any CPU.ActiveCfg = Release|Any CPU
		{A62E485A-91AD-465D-B679-1E5BC543E0CC}.Release|Any CPU.Build.0 = Release|Any CPU
		{2EA4EF9C-CFEA-4BF0-B056-CDAF42C83677}.Debug|Any CPU.ActiveCfg = Debug|Any CPU
		{2EA4EF9C-CFEA-4BF0-B056-CDAF42C83677}.Debug|Any CPU.Build.0 = Debug|Any CPU
		{2EA4EF9C-CFEA-4BF0-B056-CDAF42C83677}.Release|Any CPU.ActiveCfg = Release|Any CPU
		{2EA4EF9C-CFEA-4BF0-B056-CDAF42C83677}.Release|Any CPU.Build.0 = Release|Any CPU
	EndGlobalSection
	GlobalSection(SolutionProperties) = preSolution
		HideSolutionNode = FALSE
	EndGlobalSection
	GlobalSection(ExtensibilityGlobals) = postSolution
		SolutionGuid = {5A1B8E67-B5EE-4104-AFE0-929DD13D47EF}
	EndGlobalSection
EndGlobal
